
Microsoft Visual Studio Solution File, Format Version 12.00
# Visual Studio Version 16
VisualStudioVersion = 16.0.29519.87
MinimumVisualStudioVersion = 10.0.40219.1
Project("{9A19103F-16F7-4668-BE54-9A1E7A4F7556}") = "PollyRetry", "PollyRetry\PollyRetry.csproj", "{734AF08C-7F03-43E1-9B1A-C39C2A7B020B}"
EndProject
Project("{9A19103F-16F7-4668-BE54-9A1E7A4F7556}") = "Api", "Api\Api.csproj", "{2182A847-2F96-4BCC-97B0-E25F46B4208E}"
EndProject
Project("{9A19103F-16F7-4668-BE54-9A1E7A4F7556}") = "WithoutPolly", "WithoutPolly\WithoutPolly.csproj", "{F2C8DD24-8515-4228-9578-D0EA4ADE5F00}"
EndProject
Project("{9A19103F-16F7-4668-BE54-9A1E7A4F7556}") = "PollyReauth", "PollyReauth\PollyReauth.csproj", "{744FC4B8-B7CD-4BE9-B0BB-212EC4F8A583}"
EndProject
Project("{9A19103F-16F7-4668-BE54-9A1E7A4F7556}") = "PollyFallback", "PollyFallback\PollyFallback.csproj", "{D63D6FFA-6557-48D7-B42D-D29DBC93000D}"
EndProject
Project("{9A19103F-16F7-4668-BE54-9A1E7A4F7556}") = "PollyTimeout", "PollyTimeout\PollyTimeout.csproj", "{95286F13-379B-4B07-BD7D-12018BDACBF2}"
EndProject
Project("{9A19103F-16F7-4668-BE54-9A1E7A4F7556}") = "PollyWrap", "PollyWrap\PollyWrap.csproj", "{F16E7E04-BC3A-4FB9-AD14-FF12C1B1A0F7}"
EndProject
Project("{9A19103F-16F7-4668-BE54-9A1E7A4F7556}") = "PollyRegistry", "PollyRegistry\PollyRegistry.csproj", "{04EAEA4F-4C48-477B-ADAF-B757D3DFE12B}"
EndProject
Project("{9A19103F-16F7-4668-BE54-9A1E7A4F7556}") = "PollyContext", "PollyContext\PollyContext.csproj", "{F4B2EA39-FE49-425A-AC48-BE8F371DE284}"
EndProject
Project("{FAE04EC0-301F-11D3-BF4B-00C04F79EFBC}") = "PollyCommons", "PollyCommons\PollyCommons.csproj", "{24EC8D62-5181-4C9E-87BC-CD8FDDBFAE87}"
EndProject
Global
	GlobalSection(SolutionConfigurationPlatforms) = preSolution
		Debug|Any CPU = Debug|Any CPU
		Release|Any CPU = Release|Any CPU
	EndGlobalSection
	GlobalSection(ProjectConfigurationPlatforms) = postSolution
		{734AF08C-7F03-43E1-9B1A-C39C2A7B020B}.Debug|Any CPU.ActiveCfg = Debug|Any CPU
		{734AF08C-7F03-43E1-9B1A-C39C2A7B020B}.Debug|Any CPU.Build.0 = Debug|Any CPU
		{734AF08C-7F03-43E1-9B1A-C39C2A7B020B}.Release|Any CPU.ActiveCfg = Release|Any CPU
		{734AF08C-7F03-43E1-9B1A-C39C2A7B020B}.Release|Any CPU.Build.0 = Release|Any CPU
		{2182A847-2F96-4BCC-97B0-E25F46B4208E}.Debug|Any CPU.ActiveCfg = Debug|Any CPU
		{2182A847-2F96-4BCC-97B0-E25F46B4208E}.Debug|Any CPU.Build.0 = Debug|Any CPU
		{2182A847-2F96-4BCC-97B0-E25F46B4208E}.Release|Any CPU.ActiveCfg = Release|Any CPU
		{2182A847-2F96-4BCC-97B0-E25F46B4208E}.Release|Any CPU.Build.0 = Release|Any CPU
		{F2C8DD24-8515-4228-9578-D0EA4ADE5F00}.Debug|Any CPU.ActiveCfg = Debug|Any CPU
		{F2C8DD24-8515-4228-9578-D0EA4ADE5F00}.Debug|Any CPU.Build.0 = Debug|Any CPU
		{F2C8DD24-8515-4228-9578-D0EA4ADE5F00}.Release|Any CPU.ActiveCfg = Release|Any CPU
		{F2C8DD24-8515-4228-9578-D0EA4ADE5F00}.Release|Any CPU.Build.0 = Release|Any CPU
		{744FC4B8-B7CD-4BE9-B0BB-212EC4F8A583}.Debug|Any CPU.ActiveCfg = Debug|Any CPU
		{744FC4B8-B7CD-4BE9-B0BB-212EC4F8A583}.Debug|Any CPU.Build.0 = Debug|Any CPU
		{744FC4B8-B7CD-4BE9-B0BB-212EC4F8A583}.Release|Any CPU.ActiveCfg = Release|Any CPU
		{744FC4B8-B7CD-4BE9-B0BB-212EC4F8A583}.Release|Any CPU.Build.0 = Release|Any CPU
		{D63D6FFA-6557-48D7-B42D-D29DBC93000D}.Debug|Any CPU.ActiveCfg = Debug|Any CPU
		{D63D6FFA-6557-48D7-B42D-D29DBC93000D}.Debug|Any CPU.Build.0 = Debug|Any CPU
		{D63D6FFA-6557-48D7-B42D-D29DBC93000D}.Release|Any CPU.ActiveCfg = Release|Any CPU
		{D63D6FFA-6557-48D7-B42D-D29DBC93000D}.Release|Any CPU.Build.0 = Release|Any CPU
		{95286F13-379B-4B07-BD7D-12018BDACBF2}.Debug|Any CPU.ActiveCfg = Debug|Any CPU
		{95286F13-379B-4B07-BD7D-12018BDACBF2}.Debug|Any CPU.Build.0 = Debug|Any CPU
		{95286F13-379B-4B07-BD7D-12018BDACBF2}.Release|Any CPU.ActiveCfg = Release|Any CPU
		{95286F13-379B-4B07-BD7D-12018BDACBF2}.Release|Any CPU.Build.0 = Release|Any CPU
		{F16E7E04-BC3A-4FB9-AD14-FF12C1B1A0F7}.Debug|Any CPU.ActiveCfg = Debug|Any CPU
		{F16E7E04-BC3A-4FB9-AD14-FF12C1B1A0F7}.Debug|Any CPU.Build.0 = Debug|Any CPU
		{F16E7E04-BC3A-4FB9-AD14-FF12C1B1A0F7}.Release|Any CPU.ActiveCfg = Release|Any CPU
		{F16E7E04-BC3A-4FB9-AD14-FF12C1B1A0F7}.Release|Any CPU.Build.0 = Release|Any CPU
		{04EAEA4F-4C48-477B-ADAF-B757D3DFE12B}.Debug|Any CPU.ActiveCfg = Debug|Any CPU
		{04EAEA4F-4C48-477B-ADAF-B757D3DFE12B}.Debug|Any CPU.Build.0 = Debug|Any CPU
		{04EAEA4F-4C48-477B-ADAF-B757D3DFE12B}.Release|Any CPU.ActiveCfg = Release|Any CPU
		{04EAEA4F-4C48-477B-ADAF-B757D3DFE12B}.Release|Any CPU.Build.0 = Release|Any CPU
		{F4B2EA39-FE49-425A-AC48-BE8F371DE284}.Debug|Any CPU.ActiveCfg = Debug|Any CPU
		{F4B2EA39-FE49-425A-AC48-BE8F371DE284}.Debug|Any CPU.Build.0 = Debug|Any CPU
		{F4B2EA39-FE49-425A-AC48-BE8F371DE284}.Release|Any CPU.ActiveCfg = Release|Any CPU
		{F4B2EA39-FE49-425A-AC48-BE8F371DE284}.Release|Any CPU.Build.0 = Release|Any CPU
		{24EC8D62-5181-4C9E-87BC-CD8FDDBFAE87}.Debug|Any CPU.ActiveCfg = Debug|Any CPU
		{24EC8D62-5181-4C9E-87BC-CD8FDDBFAE87}.Debug|Any CPU.Build.0 = Debug|Any CPU
		{24EC8D62-5181-4C9E-87BC-CD8FDDBFAE87}.Release|Any CPU.ActiveCfg = Release|Any CPU
		{24EC8D62-5181-4C9E-87BC-CD8FDDBFAE87}.Release|Any CPU.Build.0 = Release|Any CPU
	EndGlobalSection
	GlobalSection(SolutionProperties) = preSolution
		HideSolutionNode = FALSE
	EndGlobalSection
	GlobalSection(ExtensibilityGlobals) = postSolution
		SolutionGuid = {78CCC968-3391-4D96-9DA2-36EA27D681BE}
	EndGlobalSection
EndGlobal
