
Microsoft Visual Studio Solution File, Format Version 12.00
# Visual Studio Version 16
VisualStudioVersion = 16.0.29519.87
MinimumVisualStudioVersion = 10.0.40219.1
Project("{9A19103F-16F7-4668-BE54-9A1E7A4F7556}") = "PollyRetry", "PollyRetry\PollyRetry.csproj", "{734AF08C-7F03-43E1-9B1A-C39C2A7B020B}"
EndProject
Project("{FAE04EC0-301F-11D3-BF4B-00C04F79EFBC}") = "Api", "Api\Api.csproj", "{2182A847-2F96-4BCC-97B0-E25F46B4208E}"
EndProject
Global
	GlobalSection(SolutionConfigurationPlatforms) = preSolution
		Debug|Any CPU = Debug|Any CPU
		Release|Any CPU = Release|Any CPU
	EndGlobalSection
	GlobalSection(ProjectConfigurationPlatforms) = postSolution
		{734AF08C-7F03-43E1-9B1A-C39C2A7B020B}.Debug|Any CPU.ActiveCfg = Debug|Any CPU
		{734AF08C-7F03-43E1-9B1A-C39C2A7B020B}.Debug|Any CPU.Build.0 = Debug|Any CPU
		{734AF08C-7F03-43E1-9B1A-C39C2A7B020B}.Release|Any CPU.ActiveCfg = Release|Any CPU
		{734AF08C-7F03-43E1-9B1A-C39C2A7B020B}.Release|Any CPU.Build.0 = Release|Any CPU
		{2182A847-2F96-4BCC-97B0-E25F46B4208E}.Debug|Any CPU.ActiveCfg = Debug|Any CPU
		{2182A847-2F96-4BCC-97B0-E25F46B4208E}.Debug|Any CPU.Build.0 = Debug|Any CPU
		{2182A847-2F96-4BCC-97B0-E25F46B4208E}.Release|Any CPU.ActiveCfg = Release|Any CPU
		{2182A847-2F96-4BCC-97B0-E25F46B4208E}.Release|Any CPU.Build.0 = Release|Any CPU
	EndGlobalSection
	GlobalSection(SolutionProperties) = preSolution
		HideSolutionNode = FALSE
	EndGlobalSection
	GlobalSection(ExtensibilityGlobals) = postSolution
		SolutionGuid = {78CCC968-3391-4D96-9DA2-36EA27D681BE}
	EndGlobalSection
EndGlobal
